// !$*UTF8*$!
{
	archiveVersion = 1;
	classes = {
	};
	objectVersion = 56;
	objects = {

/* Begin PBXBuildFile section */
		3A03E95C2D0E3E4B00A3CA8B /* HapticManager.swift in Sources */ = {isa = PBXBuildFile; fileRef = 3A03E95B2D0E3E4B00A3CA8B /* HapticManager.swift */; };
		3A1ADB262D076A8A006BB0B2 /* MarketDataService.swift in Sources */ = {isa = PBXBuildFile; fileRef = 3A1ADB252D076A8A006BB0B2 /* MarketDataService.swift */; };
		3A1ADB282D08C234006BB0B2 /* PorfolioView.swift in Sources */ = {isa = PBXBuildFile; fileRef = 3A1ADB272D08C234006BB0B2 /* PorfolioView.swift */; };
		3A1ADB2A2D08C4DF006BB0B2 /* XMarkButton.swift in Sources */ = {isa = PBXBuildFile; fileRef = 3A1ADB292D08C4DF006BB0B2 /* XMarkButton.swift */; };
		3A29F2632D1D728E00F18253 /* ChartView.swift in Sources */ = {isa = PBXBuildFile; fileRef = 3A29F2622D1D728E00F18253 /* ChartView.swift */; };
		3A2EB9922D0B7D42005D38BA /* PortfolioDataService.swift in Sources */ = {isa = PBXBuildFile; fileRef = 3A2EB9912D0B7D42005D38BA /* PortfolioDataService.swift */; };
		3A3194012CEA072D00575CDC /* Assets.xcassets in Resources */ = {isa = PBXBuildFile; fileRef = 3A3194002CEA072D00575CDC /* Assets.xcassets */; };
		3A3194092CEA084600575CDC /* Date.swift in Sources */ = {isa = PBXBuildFile; fileRef = 3A3194032CEA084600575CDC /* Date.swift */; };
		3A31940A2CEA084600575CDC /* PreviewProvider.swift in Sources */ = {isa = PBXBuildFile; fileRef = 3A3194042CEA084600575CDC /* PreviewProvider.swift */; };
		3A31940B2CEA084600575CDC /* String.swift in Sources */ = {isa = PBXBuildFile; fileRef = 3A3194052CEA084600575CDC /* String.swift */; };
		3A31940C2CEA084600575CDC /* Double.swift in Sources */ = {isa = PBXBuildFile; fileRef = 3A3194062CEA084600575CDC /* Double.swift */; };
		3A31940D2CEA084600575CDC /* UIApplication.swift in Sources */ = {isa = PBXBuildFile; fileRef = 3A3194072CEA084600575CDC /* UIApplication.swift */; };
		3A31940E2CEA084600575CDC /* Color.swift in Sources */ = {isa = PBXBuildFile; fileRef = 3A3194082CEA084600575CDC /* Color.swift */; };
		3A56AE842CFC59D9009F3847 /* HomeViewModel.swift in Sources */ = {isa = PBXBuildFile; fileRef = 3A56AE832CFC59D9009F3847 /* HomeViewModel.swift */; };
		3A65AF872CF7B3C0009FE50F /* HomeView.swift in Sources */ = {isa = PBXBuildFile; fileRef = 3A65AF862CF7B3C0009FE50F /* HomeView.swift */; };
		3A65AF8B2CF7B674009FE50F /* CircleButtonView.swift in Sources */ = {isa = PBXBuildFile; fileRef = 3A65AF8A2CF7B674009FE50F /* CircleButtonView.swift */; };
		3A65AF8D2CF7BA9E009FE50F /* CircleButtonAnimationView.swift in Sources */ = {isa = PBXBuildFile; fileRef = 3A65AF8C2CF7BA9E009FE50F /* CircleButtonAnimationView.swift */; };
		3A65AF952CF91BAF009FE50F /* CoinModel.swift in Sources */ = {isa = PBXBuildFile; fileRef = 3A65AF8F2CF91BAF009FE50F /* CoinModel.swift */; };
		3A65AF962CF91BAF009FE50F /* MarketDataModel.swift in Sources */ = {isa = PBXBuildFile; fileRef = 3A65AF902CF91BAF009FE50F /* MarketDataModel.swift */; };
		3A65AF972CF91BAF009FE50F /* PortfolioContainer.xcdatamodeld in Sources */ = {isa = PBXBuildFile; fileRef = 3A65AF912CF91BAF009FE50F /* PortfolioContainer.xcdatamodeld */; };
		3A65AF982CF91BAF009FE50F /* StatisticModel.swift in Sources */ = {isa = PBXBuildFile; fileRef = 3A65AF932CF91BAF009FE50F /* StatisticModel.swift */; };
		3A65AF992CF91BAF009FE50F /* CoinDetailModel.swift in Sources */ = {isa = PBXBuildFile; fileRef = 3A65AF942CF91BAF009FE50F /* CoinDetailModel.swift */; };
		3A6E29BB2CFE60DC00437424 /* CoinDataService.swift in Sources */ = {isa = PBXBuildFile; fileRef = 3A6E29BA2CFE60DC00437424 /* CoinDataService.swift */; };
		3A87D4FF2D2480C40011599E /* SettingsView.swift in Sources */ = {isa = PBXBuildFile; fileRef = 3A87D4FE2D2480C40011599E /* SettingsView.swift */; };
		3A87D5032D255B570011599E /* LaunchScreen.storyboard in Resources */ = {isa = PBXBuildFile; fileRef = 3A87D5022D255B570011599E /* LaunchScreen.storyboard */; };
		3A87D5052D255CB00011599E /* LaunchView.swift in Sources */ = {isa = PBXBuildFile; fileRef = 3A87D5042D255CB00011599E /* LaunchView.swift */; };
		3A90A6422D10BF2A0046F282 /* DetailView.swift in Sources */ = {isa = PBXBuildFile; fileRef = 3A90A6412D10BF2A0046F282 /* DetailView.swift */; };
		3AC263422D05B5D6005AC9A5 /* HomeStatsView.swift in Sources */ = {isa = PBXBuildFile; fileRef = 3AC263412D05B5D6005AC9A5 /* HomeStatsView.swift */; };
		3AC263442D05B6C2005AC9A5 /* StatisticView.swift in Sources */ = {isa = PBXBuildFile; fileRef = 3AC263432D05B6C2005AC9A5 /* StatisticView.swift */; };
		3AC6691F2D08C8C20025FA8B /* CoinLogoView.swift in Sources */ = {isa = PBXBuildFile; fileRef = 3AC6691E2D08C8C20025FA8B /* CoinLogoView.swift */; };
		3ADD324D2CFA5B3A006666B6 /* CoinRowView.swift in Sources */ = {isa = PBXBuildFile; fileRef = 3ADD324C2CFA5B3A006666B6 /* CoinRowView.swift */; };
		3AE447312CE9511A00C33119 /* SwiftfulCryptoApp.swift in Sources */ = {isa = PBXBuildFile; fileRef = 3AE447302CE9511A00C33119 /* SwiftfulCryptoApp.swift */; };
		3AE447382CE9511D00C33119 /* Preview Assets.xcassets in Resources */ = {isa = PBXBuildFile; fileRef = 3AE447372CE9511D00C33119 /* Preview Assets.xcassets */; };
		3AEFD3462D18A99100D376F2 /* DetailViewModel.swift in Sources */ = {isa = PBXBuildFile; fileRef = 3AEFD3452D18A99100D376F2 /* DetailViewModel.swift */; };
		3AEFD3482D18A9EA00D376F2 /* CoinDetailDataService.swift in Sources */ = {isa = PBXBuildFile; fileRef = 3AEFD3472D18A9EA00D376F2 /* CoinDetailDataService.swift */; };
		3AFD98F22CFF9C9400E77A01 /* NetworkingManager.swift in Sources */ = {isa = PBXBuildFile; fileRef = 3AFD98F12CFF9C9400E77A01 /* NetworkingManager.swift */; };
		3AFD98F52D00F02400E77A01 /* CoinImageView.swift in Sources */ = {isa = PBXBuildFile; fileRef = 3AFD98F42D00F02400E77A01 /* CoinImageView.swift */; };
		3AFD98F72D00F1C400E77A01 /* CoinImageService.swift in Sources */ = {isa = PBXBuildFile; fileRef = 3AFD98F62D00F1C400E77A01 /* CoinImageService.swift */; };
		3AFD98F92D00F31800E77A01 /* CoinImageViewModel.swift in Sources */ = {isa = PBXBuildFile; fileRef = 3AFD98F82D00F31800E77A01 /* CoinImageViewModel.swift */; };
		3AFD98FB2D0250D800E77A01 /* LocalFileManager.swift in Sources */ = {isa = PBXBuildFile; fileRef = 3AFD98FA2D0250D700E77A01 /* LocalFileManager.swift */; };
		3AFD98FD2D03426E00E77A01 /* SearchBarView.swift in Sources */ = {isa = PBXBuildFile; fileRef = 3AFD98FC2D03426E00E77A01 /* SearchBarView.swift */; };
/* End PBXBuildFile section */

/* Begin PBXFileReference section */
		3A03E95B2D0E3E4B00A3CA8B /* HapticManager.swift */ = {isa = PBXFileReference; lastKnownFileType = sourcecode.swift; path = HapticManager.swift; sourceTree = "<group>"; };
		3A1ADB252D076A8A006BB0B2 /* MarketDataService.swift */ = {isa = PBXFileReference; lastKnownFileType = sourcecode.swift; path = MarketDataService.swift; sourceTree = "<group>"; };
		3A1ADB272D08C234006BB0B2 /* PorfolioView.swift */ = {isa = PBXFileReference; lastKnownFileType = sourcecode.swift; path = PorfolioView.swift; sourceTree = "<group>"; };
		3A1ADB292D08C4DF006BB0B2 /* XMarkButton.swift */ = {isa = PBXFileReference; lastKnownFileType = sourcecode.swift; path = XMarkButton.swift; sourceTree = "<group>"; };
		3A29F2622D1D728E00F18253 /* ChartView.swift */ = {isa = PBXFileReference; lastKnownFileType = sourcecode.swift; path = ChartView.swift; sourceTree = "<group>"; };
		3A2EB9912D0B7D42005D38BA /* PortfolioDataService.swift */ = {isa = PBXFileReference; lastKnownFileType = sourcecode.swift; path = PortfolioDataService.swift; sourceTree = "<group>"; };
		3A3194002CEA072D00575CDC /* Assets.xcassets */ = {isa = PBXFileReference; lastKnownFileType = folder.assetcatalog; name = Assets.xcassets; path = ../../../../../../../Downloads/Resources/Assets.xcassets; sourceTree = "<group>"; };
		3A3194032CEA084600575CDC /* Date.swift */ = {isa = PBXFileReference; fileEncoding = 4; lastKnownFileType = sourcecode.swift; path = Date.swift; sourceTree = "<group>"; };
		3A3194042CEA084600575CDC /* PreviewProvider.swift */ = {isa = PBXFileReference; fileEncoding = 4; lastKnownFileType = sourcecode.swift; path = PreviewProvider.swift; sourceTree = "<group>"; };
		3A3194052CEA084600575CDC /* String.swift */ = {isa = PBXFileReference; fileEncoding = 4; lastKnownFileType = sourcecode.swift; path = String.swift; sourceTree = "<group>"; };
		3A3194062CEA084600575CDC /* Double.swift */ = {isa = PBXFileReference; fileEncoding = 4; lastKnownFileType = sourcecode.swift; path = Double.swift; sourceTree = "<group>"; };
		3A3194072CEA084600575CDC /* UIApplication.swift */ = {isa = PBXFileReference; fileEncoding = 4; lastKnownFileType = sourcecode.swift; path = UIApplication.swift; sourceTree = "<group>"; };
		3A3194082CEA084600575CDC /* Color.swift */ = {isa = PBXFileReference; fileEncoding = 4; lastKnownFileType = sourcecode.swift; path = Color.swift; sourceTree = "<group>"; };
		3A56AE832CFC59D9009F3847 /* HomeViewModel.swift */ = {isa = PBXFileReference; lastKnownFileType = sourcecode.swift; path = HomeViewModel.swift; sourceTree = "<group>"; };
		3A65AF862CF7B3C0009FE50F /* HomeView.swift */ = {isa = PBXFileReference; lastKnownFileType = sourcecode.swift; path = HomeView.swift; sourceTree = "<group>"; };
		3A65AF8A2CF7B674009FE50F /* CircleButtonView.swift */ = {isa = PBXFileReference; lastKnownFileType = sourcecode.swift; path = CircleButtonView.swift; sourceTree = "<group>"; };
		3A65AF8C2CF7BA9E009FE50F /* CircleButtonAnimationView.swift */ = {isa = PBXFileReference; lastKnownFileType = sourcecode.swift; path = CircleButtonAnimationView.swift; sourceTree = "<group>"; };
		3A65AF8F2CF91BAF009FE50F /* CoinModel.swift */ = {isa = PBXFileReference; fileEncoding = 4; lastKnownFileType = sourcecode.swift; path = CoinModel.swift; sourceTree = "<group>"; };
		3A65AF902CF91BAF009FE50F /* MarketDataModel.swift */ = {isa = PBXFileReference; fileEncoding = 4; lastKnownFileType = sourcecode.swift; path = MarketDataModel.swift; sourceTree = "<group>"; };
		3A65AF922CF91BAF009FE50F /* PortfolioContainer.xcdatamodel */ = {isa = PBXFileReference; lastKnownFileType = wrapper.xcdatamodel; path = PortfolioContainer.xcdatamodel; sourceTree = "<group>"; };
		3A65AF932CF91BAF009FE50F /* StatisticModel.swift */ = {isa = PBXFileReference; fileEncoding = 4; lastKnownFileType = sourcecode.swift; path = StatisticModel.swift; sourceTree = "<group>"; };
		3A65AF942CF91BAF009FE50F /* CoinDetailModel.swift */ = {isa = PBXFileReference; fileEncoding = 4; lastKnownFileType = sourcecode.swift; path = CoinDetailModel.swift; sourceTree = "<group>"; };
		3A6E29BA2CFE60DC00437424 /* CoinDataService.swift */ = {isa = PBXFileReference; lastKnownFileType = sourcecode.swift; path = CoinDataService.swift; sourceTree = "<group>"; };
		3A87D4FE2D2480C40011599E /* SettingsView.swift */ = {isa = PBXFileReference; lastKnownFileType = sourcecode.swift; path = SettingsView.swift; sourceTree = "<group>"; };
		3A87D5022D255B570011599E /* LaunchScreen.storyboard */ = {isa = PBXFileReference; lastKnownFileType = file.storyboard; path = LaunchScreen.storyboard; sourceTree = "<group>"; };
		3A87D5042D255CB00011599E /* LaunchView.swift */ = {isa = PBXFileReference; lastKnownFileType = sourcecode.swift; path = LaunchView.swift; sourceTree = "<group>"; };
		3A90A6412D10BF2A0046F282 /* DetailView.swift */ = {isa = PBXFileReference; lastKnownFileType = sourcecode.swift; path = DetailView.swift; sourceTree = "<group>"; };
		3AC263412D05B5D6005AC9A5 /* HomeStatsView.swift */ = {isa = PBXFileReference; lastKnownFileType = sourcecode.swift; path = HomeStatsView.swift; sourceTree = "<group>"; };
		3AC263432D05B6C2005AC9A5 /* StatisticView.swift */ = {isa = PBXFileReference; lastKnownFileType = sourcecode.swift; path = StatisticView.swift; sourceTree = "<group>"; };
		3AC6691E2D08C8C20025FA8B /* CoinLogoView.swift */ = {isa = PBXFileReference; lastKnownFileType = sourcecode.swift; path = CoinLogoView.swift; sourceTree = "<group>"; };
		3ADD324C2CFA5B3A006666B6 /* CoinRowView.swift */ = {isa = PBXFileReference; lastKnownFileType = sourcecode.swift; path = CoinRowView.swift; sourceTree = "<group>"; };
		3AE4472D2CE9511A00C33119 /* SwiftfulCrypto.app */ = {isa = PBXFileReference; explicitFileType = wrapper.application; includeInIndex = 0; path = SwiftfulCrypto.app; sourceTree = BUILT_PRODUCTS_DIR; };
		3AE447302CE9511A00C33119 /* SwiftfulCryptoApp.swift */ = {isa = PBXFileReference; lastKnownFileType = sourcecode.swift; path = SwiftfulCryptoApp.swift; sourceTree = "<group>"; };
		3AE447372CE9511D00C33119 /* Preview Assets.xcassets */ = {isa = PBXFileReference; lastKnownFileType = folder.assetcatalog; path = "Preview Assets.xcassets"; sourceTree = "<group>"; };
		3AEFD3452D18A99100D376F2 /* DetailViewModel.swift */ = {isa = PBXFileReference; lastKnownFileType = sourcecode.swift; path = DetailViewModel.swift; sourceTree = "<group>"; };
		3AEFD3472D18A9EA00D376F2 /* CoinDetailDataService.swift */ = {isa = PBXFileReference; lastKnownFileType = sourcecode.swift; path = CoinDetailDataService.swift; sourceTree = "<group>"; };
		3AFD98F12CFF9C9400E77A01 /* NetworkingManager.swift */ = {isa = PBXFileReference; lastKnownFileType = sourcecode.swift; path = NetworkingManager.swift; sourceTree = "<group>"; };
		3AFD98F42D00F02400E77A01 /* CoinImageView.swift */ = {isa = PBXFileReference; lastKnownFileType = sourcecode.swift; path = CoinImageView.swift; sourceTree = "<group>"; };
		3AFD98F62D00F1C400E77A01 /* CoinImageService.swift */ = {isa = PBXFileReference; lastKnownFileType = sourcecode.swift; path = CoinImageService.swift; sourceTree = "<group>"; };
		3AFD98F82D00F31800E77A01 /* CoinImageViewModel.swift */ = {isa = PBXFileReference; lastKnownFileType = sourcecode.swift; path = CoinImageViewModel.swift; sourceTree = "<group>"; };
		3AFD98FA2D0250D700E77A01 /* LocalFileManager.swift */ = {isa = PBXFileReference; lastKnownFileType = sourcecode.swift; path = LocalFileManager.swift; sourceTree = "<group>"; };
		3AFD98FC2D03426E00E77A01 /* SearchBarView.swift */ = {isa = PBXFileReference; lastKnownFileType = sourcecode.swift; path = SearchBarView.swift; sourceTree = "<group>"; };
/* End PBXFileReference section */

/* Begin PBXFrameworksBuildPhase section */
		3AE4472A2CE9511900C33119 /* Frameworks */ = {
			isa = PBXFrameworksBuildPhase;
			buildActionMask = 2147483647;
			files = (
			);
			runOnlyForDeploymentPostprocessing = 0;
		};
/* End PBXFrameworksBuildPhase section */

/* Begin PBXGroup section */
		3A2368D72D24802200DA0821 /* Settings */ = {
			isa = PBXGroup;
			children = (
				3A2368D92D24804800DA0821 /* Views */,
				3A87D4FE2D2480C40011599E /* SettingsView.swift */,
			);
			path = Settings;
			sourceTree = "<group>";
		};
		3A2368D92D24804800DA0821 /* Views */ = {
			isa = PBXGroup;
			children = (
			);
			name = Views;
			sourceTree = "<group>";
		};
		3A3194022CEA084600575CDC /* Extensions */ = {
			isa = PBXGroup;
			children = (
				3A3194032CEA084600575CDC /* Date.swift */,
				3A3194042CEA084600575CDC /* PreviewProvider.swift */,
				3A3194052CEA084600575CDC /* String.swift */,
				3A3194062CEA084600575CDC /* Double.swift */,
				3A3194072CEA084600575CDC /* UIApplication.swift */,
				3A3194082CEA084600575CDC /* Color.swift */,
			);
			path = Extensions;
			sourceTree = "<group>";
		};
		3A65AF822CF7B383009FE50F /* Core */ = {
			isa = PBXGroup;
			children = (
				3A65AF882CF7B645009FE50F /* Components */,
				3A87D5002D255B270011599E /* Launch */,
				3A65AF832CF7B391009FE50F /* Home */,
				3A90A63E2D10BEB20046F282 /* Detail */,
				3A2368D72D24802200DA0821 /* Settings */,
			);
			path = Core;
			sourceTree = "<group>";
		};
		3A65AF832CF7B391009FE50F /* Home */ = {
			isa = PBXGroup;
			children = (
				3A65AF852CF7B3A4009FE50F /* ViewModels */,
				3A65AF842CF7B39A009FE50F /* Views */,
			);
			path = Home;
			sourceTree = "<group>";
		};
		3A65AF842CF7B39A009FE50F /* Views */ = {
			isa = PBXGroup;
			children = (
				3A65AF862CF7B3C0009FE50F /* HomeView.swift */,
				3ADD324C2CFA5B3A006666B6 /* CoinRowView.swift */,
				3AC263412D05B5D6005AC9A5 /* HomeStatsView.swift */,
				3A1ADB272D08C234006BB0B2 /* PorfolioView.swift */,
			);
			path = Views;
			sourceTree = "<group>";
		};
		3A65AF852CF7B3A4009FE50F /* ViewModels */ = {
			isa = PBXGroup;
			children = (
				3A56AE832CFC59D9009F3847 /* HomeViewModel.swift */,
			);
			path = ViewModels;
			sourceTree = "<group>";
		};
		3A65AF882CF7B645009FE50F /* Components */ = {
			isa = PBXGroup;
			children = (
				3AFD98F32D00F00E00E77A01 /* CoinImage */,
				3A65AF892CF7B652009FE50F /* CircleButton */,
				3AFD98FC2D03426E00E77A01 /* SearchBarView.swift */,
				3AC263432D05B6C2005AC9A5 /* StatisticView.swift */,
				3A1ADB292D08C4DF006BB0B2 /* XMarkButton.swift */,
			);
			path = Components;
			sourceTree = "<group>";
		};
		3A65AF892CF7B652009FE50F /* CircleButton */ = {
			isa = PBXGroup;
			children = (
				3A65AF8A2CF7B674009FE50F /* CircleButtonView.swift */,
				3A65AF8C2CF7BA9E009FE50F /* CircleButtonAnimationView.swift */,
			);
			path = CircleButton;
			sourceTree = "<group>";
		};
		3A65AF8E2CF91BAF009FE50F /* Models */ = {
			isa = PBXGroup;
			children = (
				3A65AF8F2CF91BAF009FE50F /* CoinModel.swift */,
				3A65AF902CF91BAF009FE50F /* MarketDataModel.swift */,
				3A65AF912CF91BAF009FE50F /* PortfolioContainer.xcdatamodeld */,
				3A65AF932CF91BAF009FE50F /* StatisticModel.swift */,
				3A65AF942CF91BAF009FE50F /* CoinDetailModel.swift */,
			);
			path = Models;
			sourceTree = "<group>";
		};
		3A6E29B92CFE60BC00437424 /* Services */ = {
			isa = PBXGroup;
			children = (
				3A6E29BA2CFE60DC00437424 /* CoinDataService.swift */,
				3AEFD3472D18A9EA00D376F2 /* CoinDetailDataService.swift */,
				3AFD98F62D00F1C400E77A01 /* CoinImageService.swift */,
				3A1ADB252D076A8A006BB0B2 /* MarketDataService.swift */,
				3A2EB9912D0B7D42005D38BA /* PortfolioDataService.swift */,
			);
			path = Services;
			sourceTree = "<group>";
		};
		3A87D5002D255B270011599E /* Launch */ = {
			isa = PBXGroup;
			children = (
				3A87D5012D255B2F0011599E /* Views */,
			);
			path = Launch;
			sourceTree = "<group>";
		};
		3A87D5012D255B2F0011599E /* Views */ = {
			isa = PBXGroup;
			children = (
				3A87D5022D255B570011599E /* LaunchScreen.storyboard */,
				3A87D5042D255CB00011599E /* LaunchView.swift */,
			);
			path = Views;
			sourceTree = "<group>";
		};
		3A90A63E2D10BEB20046F282 /* Detail */ = {
			isa = PBXGroup;
			children = (
				3A90A63F2D10BECF0046F282 /* ViewModels */,
				3A90A6402D10BED80046F282 /* Views */,
			);
			path = Detail;
			sourceTree = "<group>";
		};
		3A90A63F2D10BECF0046F282 /* ViewModels */ = {
			isa = PBXGroup;
			children = (
				3AEFD3452D18A99100D376F2 /* DetailViewModel.swift */,
			);
			path = ViewModels;
			sourceTree = "<group>";
		};
		3A90A6402D10BED80046F282 /* Views */ = {
			isa = PBXGroup;
			children = (
				3A90A6412D10BF2A0046F282 /* DetailView.swift */,
				3A29F2622D1D728E00F18253 /* ChartView.swift */,
			);
			path = Views;
			sourceTree = "<group>";
		};
		3AE447242CE9511900C33119 = {
			isa = PBXGroup;
			children = (
				3AE4472F2CE9511A00C33119 /* SwiftfulCrypto */,
				3AE4472E2CE9511A00C33119 /* Products */,
			);
			sourceTree = "<group>";
		};
		3AE4472E2CE9511A00C33119 /* Products */ = {
			isa = PBXGroup;
			children = (
				3AE4472D2CE9511A00C33119 /* SwiftfulCrypto.app */,
			);
			name = Products;
			sourceTree = "<group>";
		};
		3AE4472F2CE9511A00C33119 /* SwiftfulCrypto */ = {
			isa = PBXGroup;
			children = (
				3AFD98F02CFF9C5800E77A01 /* Utilities */,
				3AE447302CE9511A00C33119 /* SwiftfulCryptoApp.swift */,
				3A6E29B92CFE60BC00437424 /* Services */,
				3A65AF8E2CF91BAF009FE50F /* Models */,
				3A65AF822CF7B383009FE50F /* Core */,
				3A3194002CEA072D00575CDC /* Assets.xcassets */,
				3A3194022CEA084600575CDC /* Extensions */,
				3AE447362CE9511D00C33119 /* Preview Content */,
			);
			path = SwiftfulCrypto;
			sourceTree = "<group>";
		};
		3AE447362CE9511D00C33119 /* Preview Content */ = {
			isa = PBXGroup;
			children = (
				3AE447372CE9511D00C33119 /* Preview Assets.xcassets */,
			);
			path = "Preview Content";
			sourceTree = "<group>";
		};
		3AFD98F02CFF9C5800E77A01 /* Utilities */ = {
			isa = PBXGroup;
			children = (
				3AFD98F12CFF9C9400E77A01 /* NetworkingManager.swift */,
				3AFD98FA2D0250D700E77A01 /* LocalFileManager.swift */,
				3A03E95B2D0E3E4B00A3CA8B /* HapticManager.swift */,
			);
			path = Utilities;
			sourceTree = "<group>";
		};
		3AFD98F32D00F00E00E77A01 /* CoinImage */ = {
			isa = PBXGroup;
			children = (
				3AFD98F42D00F02400E77A01 /* CoinImageView.swift */,
				3AFD98F82D00F31800E77A01 /* CoinImageViewModel.swift */,
				3AC6691E2D08C8C20025FA8B /* CoinLogoView.swift */,
			);
			path = CoinImage;
			sourceTree = "<group>";
		};
/* End PBXGroup section */

/* Begin PBXNativeTarget section */
		3AE4472C2CE9511900C33119 /* SwiftfulCrypto */ = {
			isa = PBXNativeTarget;
			buildConfigurationList = 3AE4473B2CE9511D00C33119 /* Build configuration list for PBXNativeTarget "SwiftfulCrypto" */;
			buildPhases = (
				3AE447292CE9511900C33119 /* Sources */,
				3AE4472A2CE9511900C33119 /* Frameworks */,
				3AE4472B2CE9511900C33119 /* Resources */,
			);
			buildRules = (
			);
			dependencies = (
			);
			name = SwiftfulCrypto;
			productName = SwiftfulCrypto;
			productReference = 3AE4472D2CE9511A00C33119 /* SwiftfulCrypto.app */;
			productType = "com.apple.product-type.application";
		};
/* End PBXNativeTarget section */

/* Begin PBXProject section */
		3AE447252CE9511900C33119 /* Project object */ = {
			isa = PBXProject;
			attributes = {
				BuildIndependentTargetsInParallel = 1;
				LastSwiftUpdateCheck = 1420;
				LastUpgradeCheck = 1420;
				TargetAttributes = {
					3AE4472C2CE9511900C33119 = {
						CreatedOnToolsVersion = 14.2;
					};
				};
			};
			buildConfigurationList = 3AE447282CE9511900C33119 /* Build configuration list for PBXProject "SwiftfulCrypto" */;
			compatibilityVersion = "Xcode 14.0";
			developmentRegion = en;
			hasScannedForEncodings = 0;
			knownRegions = (
				en,
				Base,
			);
			mainGroup = 3AE447242CE9511900C33119;
			productRefGroup = 3AE4472E2CE9511A00C33119 /* Products */;
			projectDirPath = "";
			projectRoot = "";
			targets = (
				3AE4472C2CE9511900C33119 /* SwiftfulCrypto */,
			);
		};
/* End PBXProject section */

/* Begin PBXResourcesBuildPhase section */
		3AE4472B2CE9511900C33119 /* Resources */ = {
			isa = PBXResourcesBuildPhase;
			buildActionMask = 2147483647;
			files = (
				3A87D5032D255B570011599E /* LaunchScreen.storyboard in Resources */,
				3AE447382CE9511D00C33119 /* Preview Assets.xcassets in Resources */,
				3A3194012CEA072D00575CDC /* Assets.xcassets in Resources */,
			);
			runOnlyForDeploymentPostprocessing = 0;
		};
/* End PBXResourcesBuildPhase section */

/* Begin PBXSourcesBuildPhase section */
		3AE447292CE9511900C33119 /* Sources */ = {
			isa = PBXSourcesBuildPhase;
			buildActionMask = 2147483647;
			files = (
				3A65AF972CF91BAF009FE50F /* PortfolioContainer.xcdatamodeld in Sources */,
				3AEFD3462D18A99100D376F2 /* DetailViewModel.swift in Sources */,
				3A56AE842CFC59D9009F3847 /* HomeViewModel.swift in Sources */,
				3A65AF872CF7B3C0009FE50F /* HomeView.swift in Sources */,
				3AC263422D05B5D6005AC9A5 /* HomeStatsView.swift in Sources */,
				3A65AF8D2CF7BA9E009FE50F /* CircleButtonAnimationView.swift in Sources */,
				3A1ADB262D076A8A006BB0B2 /* MarketDataService.swift in Sources */,
				3A6E29BB2CFE60DC00437424 /* CoinDataService.swift in Sources */,
				3AFD98FD2D03426E00E77A01 /* SearchBarView.swift in Sources */,
				3AFD98F52D00F02400E77A01 /* CoinImageView.swift in Sources */,
				3A31940D2CEA084600575CDC /* UIApplication.swift in Sources */,
				3A1ADB2A2D08C4DF006BB0B2 /* XMarkButton.swift in Sources */,
				3A65AF952CF91BAF009FE50F /* CoinModel.swift in Sources */,
				3A31940A2CEA084600575CDC /* PreviewProvider.swift in Sources */,
				3A65AF962CF91BAF009FE50F /* MarketDataModel.swift in Sources */,
				3A87D5052D255CB00011599E /* LaunchView.swift in Sources */,
				3A31940B2CEA084600575CDC /* String.swift in Sources */,
				3AFD98F92D00F31800E77A01 /* CoinImageViewModel.swift in Sources */,
				3A65AF8B2CF7B674009FE50F /* CircleButtonView.swift in Sources */,
				3AC6691F2D08C8C20025FA8B /* CoinLogoView.swift in Sources */,
				3A90A6422D10BF2A0046F282 /* DetailView.swift in Sources */,
				3A03E95C2D0E3E4B00A3CA8B /* HapticManager.swift in Sources */,
				3A29F2632D1D728E00F18253 /* ChartView.swift in Sources */,
				3A1ADB282D08C234006BB0B2 /* PorfolioView.swift in Sources */,
				3AC263442D05B6C2005AC9A5 /* StatisticView.swift in Sources */,
				3A65AF982CF91BAF009FE50F /* StatisticModel.swift in Sources */,
				3AFD98F22CFF9C9400E77A01 /* NetworkingManager.swift in Sources */,
				3A3194092CEA084600575CDC /* Date.swift in Sources */,
				3AFD98F72D00F1C400E77A01 /* CoinImageService.swift in Sources */,
				3A31940E2CEA084600575CDC /* Color.swift in Sources */,
				3AEFD3482D18A9EA00D376F2 /* CoinDetailDataService.swift in Sources */,
				3A65AF992CF91BAF009FE50F /* CoinDetailModel.swift in Sources */,
				3A31940C2CEA084600575CDC /* Double.swift in Sources */,
				3ADD324D2CFA5B3A006666B6 /* CoinRowView.swift in Sources */,
				3AE447312CE9511A00C33119 /* SwiftfulCryptoApp.swift in Sources */,
				3A2EB9922D0B7D42005D38BA /* PortfolioDataService.swift in Sources */,
				3AFD98FB2D0250D800E77A01 /* LocalFileManager.swift in Sources */,
				3A87D4FF2D2480C40011599E /* SettingsView.swift in Sources */,
			);
			runOnlyForDeploymentPostprocessing = 0;
		};
/* End PBXSourcesBuildPhase section */

/* Begin XCBuildConfiguration section */
		3AE447392CE9511D00C33119 /* Debug */ = {
			isa = XCBuildConfiguration;
			buildSettings = {
				ALWAYS_SEARCH_USER_PATHS = NO;
				CLANG_ANALYZER_NONNULL = YES;
				CLANG_ANALYZER_NUMBER_OBJECT_CONVERSION = YES_AGGRESSIVE;
				CLANG_CXX_LANGUAGE_STANDARD = "gnu++20";
				CLANG_ENABLE_MODULES = YES;
				CLANG_ENABLE_OBJC_ARC = YES;
				CLANG_ENABLE_OBJC_WEAK = YES;
				CLANG_WARN_BLOCK_CAPTURE_AUTORELEASING = YES;
				CLANG_WARN_BOOL_CONVERSION = YES;
				CLANG_WARN_COMMA = YES;
				CLANG_WARN_CONSTANT_CONVERSION = YES;
				CLANG_WARN_DEPRECATED_OBJC_IMPLEMENTATIONS = YES;
				CLANG_WARN_DIRECT_OBJC_ISA_USAGE = YES_ERROR;
				CLANG_WARN_DOCUMENTATION_COMMENTS = YES;
				CLANG_WARN_EMPTY_BODY = YES;
				CLANG_WARN_ENUM_CONVERSION = YES;
				CLANG_WARN_INFINITE_RECURSION = YES;
				CLANG_WARN_INT_CONVERSION = YES;
				CLANG_WARN_NON_LITERAL_NULL_CONVERSION = YES;
				CLANG_WARN_OBJC_IMPLICIT_RETAIN_SELF = YES;
				CLANG_WARN_OBJC_LITERAL_CONVERSION = YES;
				CLANG_WARN_OBJC_ROOT_CLASS = YES_ERROR;
				CLANG_WARN_QUOTED_INCLUDE_IN_FRAMEWORK_HEADER = YES;
				CLANG_WARN_RANGE_LOOP_ANALYSIS = YES;
				CLANG_WARN_STRICT_PROTOTYPES = YES;
				CLANG_WARN_SUSPICIOUS_MOVE = YES;
				CLANG_WARN_UNGUARDED_AVAILABILITY = YES_AGGRESSIVE;
				CLANG_WARN_UNREACHABLE_CODE = YES;
				CLANG_WARN__DUPLICATE_METHOD_MATCH = YES;
				COPY_PHASE_STRIP = NO;
				DEBUG_INFORMATION_FORMAT = dwarf;
				ENABLE_STRICT_OBJC_MSGSEND = YES;
				ENABLE_TESTABILITY = YES;
				GCC_C_LANGUAGE_STANDARD = gnu11;
				GCC_DYNAMIC_NO_PIC = NO;
				GCC_NO_COMMON_BLOCKS = YES;
				GCC_OPTIMIZATION_LEVEL = 0;
				GCC_PREPROCESSOR_DEFINITIONS = (
					"DEBUG=1",
					"$(inherited)",
				);
				GCC_WARN_64_TO_32_BIT_CONVERSION = YES;
				GCC_WARN_ABOUT_RETURN_TYPE = YES_ERROR;
				GCC_WARN_UNDECLARED_SELECTOR = YES;
				GCC_WARN_UNINITIALIZED_AUTOS = YES_AGGRESSIVE;
				GCC_WARN_UNUSED_FUNCTION = YES;
				GCC_WARN_UNUSED_VARIABLE = YES;
				IPHONEOS_DEPLOYMENT_TARGET = 16.2;
				MTL_ENABLE_DEBUG_INFO = INCLUDE_SOURCE;
				MTL_FAST_MATH = YES;
				ONLY_ACTIVE_ARCH = YES;
				SDKROOT = iphoneos;
				SWIFT_ACTIVE_COMPILATION_CONDITIONS = DEBUG;
				SWIFT_OPTIMIZATION_LEVEL = "-Onone";
			};
			name = Debug;
		};
		3AE4473A2CE9511D00C33119 /* Release */ = {
			isa = XCBuildConfiguration;
			buildSettings = {
				ALWAYS_SEARCH_USER_PATHS = NO;
				CLANG_ANALYZER_NONNULL = YES;
				CLANG_ANALYZER_NUMBER_OBJECT_CONVERSION = YES_AGGRESSIVE;
				CLANG_CXX_LANGUAGE_STANDARD = "gnu++20";
				CLANG_ENABLE_MODULES = YES;
				CLANG_ENABLE_OBJC_ARC = YES;
				CLANG_ENABLE_OBJC_WEAK = YES;
				CLANG_WARN_BLOCK_CAPTURE_AUTORELEASING = YES;
				CLANG_WARN_BOOL_CONVERSION = YES;
				CLANG_WARN_COMMA = YES;
				CLANG_WARN_CONSTANT_CONVERSION = YES;
				CLANG_WARN_DEPRECATED_OBJC_IMPLEMENTATIONS = YES;
				CLANG_WARN_DIRECT_OBJC_ISA_USAGE = YES_ERROR;
				CLANG_WARN_DOCUMENTATION_COMMENTS = YES;
				CLANG_WARN_EMPTY_BODY = YES;
				CLANG_WARN_ENUM_CONVERSION = YES;
				CLANG_WARN_INFINITE_RECURSION = YES;
				CLANG_WARN_INT_CONVERSION = YES;
				CLANG_WARN_NON_LITERAL_NULL_CONVERSION = YES;
				CLANG_WARN_OBJC_IMPLICIT_RETAIN_SELF = YES;
				CLANG_WARN_OBJC_LITERAL_CONVERSION = YES;
				CLANG_WARN_OBJC_ROOT_CLASS = YES_ERROR;
				CLANG_WARN_QUOTED_INCLUDE_IN_FRAMEWORK_HEADER = YES;
				CLANG_WARN_RANGE_LOOP_ANALYSIS = YES;
				CLANG_WARN_STRICT_PROTOTYPES = YES;
				CLANG_WARN_SUSPICIOUS_MOVE = YES;
				CLANG_WARN_UNGUARDED_AVAILABILITY = YES_AGGRESSIVE;
				CLANG_WARN_UNREACHABLE_CODE = YES;
				CLANG_WARN__DUPLICATE_METHOD_MATCH = YES;
				COPY_PHASE_STRIP = NO;
				DEBUG_INFORMATION_FORMAT = "dwarf-with-dsym";
				ENABLE_NS_ASSERTIONS = NO;
				ENABLE_STRICT_OBJC_MSGSEND = YES;
				GCC_C_LANGUAGE_STANDARD = gnu11;
				GCC_NO_COMMON_BLOCKS = YES;
				GCC_WARN_64_TO_32_BIT_CONVERSION = YES;
				GCC_WARN_ABOUT_RETURN_TYPE = YES_ERROR;
				GCC_WARN_UNDECLARED_SELECTOR = YES;
				GCC_WARN_UNINITIALIZED_AUTOS = YES_AGGRESSIVE;
				GCC_WARN_UNUSED_FUNCTION = YES;
				GCC_WARN_UNUSED_VARIABLE = YES;
				IPHONEOS_DEPLOYMENT_TARGET = 16.2;
				MTL_ENABLE_DEBUG_INFO = NO;
				MTL_FAST_MATH = YES;
				SDKROOT = iphoneos;
				SWIFT_COMPILATION_MODE = wholemodule;
				SWIFT_OPTIMIZATION_LEVEL = "-O";
				VALIDATE_PRODUCT = YES;
			};
			name = Release;
		};
		3AE4473C2CE9511D00C33119 /* Debug */ = {
			isa = XCBuildConfiguration;
			buildSettings = {
				ASSETCATALOG_COMPILER_APPICON_NAME = AppIcon;
				ASSETCATALOG_COMPILER_GLOBAL_ACCENT_COLOR_NAME = AccentColor;
				CODE_SIGN_STYLE = Automatic;
				CURRENT_PROJECT_VERSION = 1;
				DEVELOPMENT_ASSET_PATHS = "\"SwiftfulCrypto/Preview Content\"";
				ENABLE_PREVIEWS = YES;
				GENERATE_INFOPLIST_FILE = YES;
				INFOPLIST_KEY_CFBundleDisplayName = "Crypto Tracker";
				INFOPLIST_KEY_UIApplicationSceneManifest_Generation = YES;
				INFOPLIST_KEY_UIApplicationSupportsIndirectInputEvents = YES;
				INFOPLIST_KEY_UILaunchScreen_Generation = YES;
				INFOPLIST_KEY_UILaunchStoryboardName = LaunchScreen.storyboard;
				INFOPLIST_KEY_UISupportedInterfaceOrientations = UIInterfaceOrientationPortrait;
				LD_RUNPATH_SEARCH_PATHS = (
					"$(inherited)",
					"@executable_path/Frameworks",
				);
				MARKETING_VERSION = 1.0;
				PRODUCT_BUNDLE_IDENTIFIER = com.miguelmanas.SwiftfulCrypto;
				PRODUCT_NAME = "$(TARGET_NAME)";
				SWIFT_EMIT_LOC_STRINGS = YES;
				SWIFT_VERSION = 5.0;
				TARGETED_DEVICE_FAMILY = "1,2";
			};
			name = Debug;
		};
		3AE4473D2CE9511D00C33119 /* Release */ = {
			isa = XCBuildConfiguration;
			buildSettings = {
				ASSETCATALOG_COMPILER_APPICON_NAME = AppIcon;
				ASSETCATALOG_COMPILER_GLOBAL_ACCENT_COLOR_NAME = AccentColor;
				CODE_SIGN_STYLE = Automatic;
				CURRENT_PROJECT_VERSION = 1;
				DEVELOPMENT_ASSET_PATHS = "\"SwiftfulCrypto/Preview Content\"";
				ENABLE_PREVIEWS = YES;
				GENERATE_INFOPLIST_FILE = YES;
				INFOPLIST_KEY_CFBundleDisplayName = "Crypto Tracker";
				INFOPLIST_KEY_UIApplicationSceneManifest_Generation = YES;
				INFOPLIST_KEY_UIApplicationSupportsIndirectInputEvents = YES;
				INFOPLIST_KEY_UILaunchScreen_Generation = YES;
				INFOPLIST_KEY_UILaunchStoryboardName = LaunchScreen.storyboard;
				INFOPLIST_KEY_UISupportedInterfaceOrientations = UIInterfaceOrientationPortrait;
				LD_RUNPATH_SEARCH_PATHS = (
					"$(inherited)",
					"@executable_path/Frameworks",
				);
				MARKETING_VERSION = 1.0;
				PRODUCT_BUNDLE_IDENTIFIER = com.miguelmanas.SwiftfulCrypto;
				PRODUCT_NAME = "$(TARGET_NAME)";
				SWIFT_EMIT_LOC_STRINGS = YES;
				SWIFT_VERSION = 5.0;
				TARGETED_DEVICE_FAMILY = "1,2";
			};
			name = Release;
		};
/* End XCBuildConfiguration section */

/* Begin XCConfigurationList section */
		3AE447282CE9511900C33119 /* Build configuration list for PBXProject "SwiftfulCrypto" */ = {
			isa = XCConfigurationList;
			buildConfigurations = (
				3AE447392CE9511D00C33119 /* Debug */,
				3AE4473A2CE9511D00C33119 /* Release */,
			);
			defaultConfigurationIsVisible = 0;
			defaultConfigurationName = Release;
		};
		3AE4473B2CE9511D00C33119 /* Build configuration list for PBXNativeTarget "SwiftfulCrypto" */ = {
			isa = XCConfigurationList;
			buildConfigurations = (
				3AE4473C2CE9511D00C33119 /* Debug */,
				3AE4473D2CE9511D00C33119 /* Release */,
			);
			defaultConfigurationIsVisible = 0;
			defaultConfigurationName = Release;
		};
/* End XCConfigurationList section */

/* Begin XCVersionGroup section */
		3A65AF912CF91BAF009FE50F /* PortfolioContainer.xcdatamodeld */ = {
			isa = XCVersionGroup;
			children = (
				3A65AF922CF91BAF009FE50F /* PortfolioContainer.xcdatamodel */,
			);
			currentVersion = 3A65AF922CF91BAF009FE50F /* PortfolioContainer.xcdatamodel */;
			path = PortfolioContainer.xcdatamodeld;
			sourceTree = "<group>";
			versionGroupType = wrapper.xcdatamodel;
		};
/* End XCVersionGroup section */
	};
	rootObject = 3AE447252CE9511900C33119 /* Project object */;
}
